<?xml version="1.0" encoding="utf-8"?>
<Project ToolsVersion="4.0" xmlns="http://schemas.microsoft.com/developer/msbuild/2003">
  <ItemGroup>
    <Filter Include="Source Files">
      <UniqueIdentifier>{fc935320-dd60-442c-8f7a-857898ef99ac}</UniqueIdentifier>
    </Filter>
    <Filter Include="Header Files">
      <UniqueIdentifier>{8eaa2596-7ef2-40ab-a17a-c4c37dc4da44}</UniqueIdentifier>
    </Filter>
    <Filter Include="Shader Files">
      <UniqueIdentifier>{09e5fe7b-68ca-4376-a403-11ca25938704}</UniqueIdentifier>
    </Filter>
    <Filter Include="Data Files">
      <UniqueIdentifier>{50c91949-99ea-45b1-9cb5-9a3c394c4543}</UniqueIdentifier>
    </Filter>
    <Filter Include="Model Files">
      <UniqueIdentifier>{44cae761-4064-44ba-aa82-c39f233d224d}</UniqueIdentifier>
      <ParseFiles>false</ParseFiles>
    </Filter>
  </ItemGroup>
  <ItemGroup>
    <ClInclude Include="camera.h">
      <Filter>Header Files</Filter>
    </ClInclude>
    <ClInclude Include="common.h">
      <Filter>Header Files</Filter>
    </ClInclude>
    <ClInclude Include="freetypefont.h">
      <Filter>Header Files</Filter>
    </ClInclude>
    <ClInclude Include="game.h">
      <Filter>Header Files</Filter>
    </ClInclude>
    <ClInclude Include="matrixstack.h">
      <Filter>Header Files</Filter>
    </ClInclude>
    <ClInclude Include="objmodel.h">
      <Filter>Header Files</Filter>
    </ClInclude>
    <ClInclude Include="skybox.h">
      <Filter>Header Files</Filter>
    </ClInclude>
    <ClInclude Include="texture.h">
      <Filter>Header Files</Filter>
    </ClInclude>
    <ClInclude Include="timer.h">
      <Filter>Header Files</Filter>
    </ClInclude>
    <ClInclude Include="window.h">
      <Filter>Header Files</Filter>
    </ClInclude>
    <ClInclude Include="vbo.h">
      <Filter>Header Files</Filter>
    </ClInclude>
    <ClInclude Include="shaderprogram.h">
      <Filter>Header Files</Filter>
    </ClInclude>
    <ClInclude Include="shader.h">
      <Filter>Header Files</Filter>
    </ClInclude>
    <ClInclude Include="catmullrom.h">
      <Filter>Header Files</Filter>
    </ClInclude>
    <ClInclude Include="gameobject.h">
      <Filter>Header Files</Filter>
    </ClInclude>
    <ClInclude Include="lighting.h">
      <Filter>Header Files</Filter>
    </ClInclude>
    <ClInclude Include="point.h">
      <Filter>Header Files</Filter>
    </ClInclude>
    <ClInclude Include="rollercoaster.h">
      <Filter>Header Files</Filter>
    </ClInclude>
    <ClInclude Include="pyramid.h">
      <Filter>Header Files</Filter>
    </ClInclude>
    <ClInclude Include="terrain.h">
      <Filter>Header Files</Filter>
    </ClInclude>
    <ClInclude Include="vertex.h">
      <Filter>Header Files</Filter>
    </ClInclude>
    <ClInclude Include="facevertexmesh.h">
      <Filter>Header Files</Filter>
    </ClInclude>
    <ClInclude Include="hud.h">
      <Filter>Header Files</Filter>
    </ClInclude>
    <ClInclude Include="sphere.h">
      <Filter>Header Files</Filter>
    </ClInclude>
    <ClInclude Include="tree.h">
      <Filter>Header Files</Filter>
    </ClInclude>
    <ClInclude Include="lamp.h">
      <Filter>Header Files</Filter>
    </ClInclude>
    <ClInclude Include="cart.h">
      <Filter>Header Files</Filter>
    </ClInclude>
    <ClInclude Include="frame.h">
      <Filter>Header Files</Filter>
    </ClInclude>
    <ClInclude Include="support.h">
      <Filter>Header Files</Filter>
    </ClInclude>
  </ItemGroup>
  <ItemGroup>
    <ClCompile Include="camera.cpp">
      <Filter>Source Files</Filter>
    </ClCompile>
    <ClCompile Include="freetypefont.cpp">
      <Filter>Source Files</Filter>
    </ClCompile>
    <ClCompile Include="game.cpp">
      <Filter>Source Files</Filter>
    </ClCompile>
    <ClCompile Include="main.cpp">
      <Filter>Source Files</Filter>
    </ClCompile>
    <ClCompile Include="matrixstack.cpp">
      <Filter>Source Files</Filter>
    </ClCompile>
    <ClCompile Include="objmodel.cpp">
      <Filter>Source Files</Filter>
    </ClCompile>
    <ClCompile Include="skybox.cpp">
      <Filter>Source Files</Filter>
    </ClCompile>
    <ClCompile Include="texture.cpp">
      <Filter>Source Files</Filter>
    </ClCompile>
    <ClCompile Include="timer.cpp">
      <Filter>Source Files</Filter>
    </ClCompile>
    <ClCompile Include="window.cpp">
      <Filter>Source Files</Filter>
    </ClCompile>
    <ClCompile Include="vbo.cpp">
      <Filter>Source Files</Filter>
    </ClCompile>
    <ClCompile Include="shaderprogram.cpp">
      <Filter>Source Files</Filter>
    </ClCompile>
    <ClCompile Include="shader.cpp">
      <Filter>Source Files</Filter>
    </ClCompile>
    <ClCompile Include="catmullrom.cpp">
      <Filter>Source Files</Filter>
    </ClCompile>
    <ClCompile Include="lighting.cpp">
      <Filter>Source Files</Filter>
    </ClCompile>
    <ClCompile Include="point.cpp">
      <Filter>Source Files</Filter>
    </ClCompile>
    <ClCompile Include="rollercoaster.cpp">
      <Filter>Source Files</Filter>
    </ClCompile>
    <ClCompile Include="pyramid.cpp">
      <Filter>Source Files</Filter>
    </ClCompile>
    <ClCompile Include="facevertexmesh.cpp">
      <Filter>Source Files</Filter>
    </ClCompile>
    <ClCompile Include="terrain.cpp">
      <Filter>Source Files</Filter>
    </ClCompile>
    <ClCompile Include="hud.cpp">
      <Filter>Source Files</Filter>
    </ClCompile>
    <ClCompile Include="sphere.cpp">
      <Filter>Source Files</Filter>
    </ClCompile>
    <ClCompile Include="tree.cpp">
      <Filter>Source Files</Filter>
    </ClCompile>
    <ClCompile Include="lamp.cpp">
      <Filter>Source Files</Filter>
    </ClCompile>
    <ClCompile Include="cart.cpp">
      <Filter>Source Files</Filter>
    </ClCompile>
    <ClCompile Include="support.cpp">
      <Filter>Source Files</Filter>
    </ClCompile>
  </ItemGroup>
  <ItemGroup>
    <None Include="resources\shaders\main.frag">
      <Filter>Shader Files</Filter>
    </None>
    <None Include="resources\shaders\main.vert">
      <Filter>Shader Files</Filter>
    </None>
    <None Include="resources\shaders\terrain.frag">
      <Filter>Shader Files</Filter>
    </None>
    <None Include="resources\shaders\fonts.frag">
      <Filter>Shader Files</Filter>
    </None>
    <None Include="resources\shaders\fonts.vert">
      <Filter>Shader Files</Filter>
    </None>
    <None Include="resources\shaders\trees.frag">
      <Filter>Shader Files</Filter>
    </None>
    <None Include="TODO.txt" />
    <None Include="resources\models\palm4.mtl">
      <Filter>Model Files</Filter>
    </None>
    <None Include="resources\models\palm4.tga">
      <Filter>Model Files</Filter>
    </None>
    <None Include="resources\models\palm5.mtl">
      <Filter>Model Files</Filter>
    </None>
    <None Include="resources\models\palm5.tga">
      <Filter>Model Files</Filter>
    </None>
    <None Include="resources\models\palm5.obj">
      <Filter>Model Files</Filter>
    </None>
    <None Include="resources\models\palm4.obj">
      <Filter>Model Files</Filter>
    </None>
    <None Include="resources\models\palm3.mtl">
      <Filter>Model Files</Filter>
    </None>
    <None Include="resources\models\palm3.obj">
      <Filter>Model Files</Filter>
    </None>
    <None Include="resources\models\palm3.tga">
      <Filter>Model Files</Filter>
    </None>
    <None Include="resources\data\trees.h">
      <Filter>Data Files</Filter>
    </None>
    <None Include="resources\models\shrub1.mtl">
      <Filter>Model Files</Filter>
    </None>
    <None Include="resources\models\shrub1.tga">
      <Filter>Model Files</Filter>
    </None>
    <None Include="resources\models\shrub2.mtl">
      <Filter>Model Files</Filter>
    </None>
    <None Include="resources\models\shrub2.tga">
      <Filter>Model Files</Filter>
    </None>
    <None Include="resources\models\shrub3.mtl">
      <Filter>Model Files</Filter>
    </None>
    <None Include="resources\models\shrub3.tga">
      <Filter>Model Files</Filter>
    </None>
    <None Include="resources\models\shrub4.mtl">
      <Filter>Model Files</Filter>
    </None>
    <None Include="resources\models\shrub4.tga">
      <Filter>Model Files</Filter>
    </None>
    <None Include="resources\models\shrub5.mtl">
      <Filter>Model Files</Filter>
    </None>
    <None Include="resources\models\shrub5.tga">
      <Filter>Model Files</Filter>
    </None>
    <None Include="resources\models\shrub5.obj">
      <Filter>Model Files</Filter>
    </None>
    <None Include="resources\models\shrub4.obj">
      <Filter>Model Files</Filter>
    </None>
    <None Include="resources\models\shrub3.obj">
      <Filter>Model Files</Filter>
    </None>
    <None Include="resources\models\shrub2.obj">
      <Filter>Model Files</Filter>
    </None>
    <None Include="resources\models\shrub1.obj">
      <Filter>Model Files</Filter>
    </None>
    <None Include="resources\data\track.h">
      <Filter>Data Files</Filter>
    </None>
    <None Include="resources\models\carriage.mtl">
      <Filter>Model Files</Filter>
    </None>
    <None Include="resources\models\colours.bmp">
      <Filter>Model Files</Filter>
    </None>
    <None Include="resources\models\lamp.jpg">
      <Filter>Model Files</Filter>
    </None>
    <None Include="resources\models\lamp.mtl">
      <Filter>Model Files</Filter>
    </None>
    <None Include="resources\models\carriage.obj">
      <Filter>Model Files</Filter>
    </None>
    <None Include="resources\models\lamp.obj">
      <Filter>Model Files</Filter>
    </None>
  </ItemGroup>
</Project>